GraphQL Opportunities don't happen. You create them. Do what you love and the money will follow. RabbitMQ Happiness is not something ready made. It comes from your own actions. Quantum Computing Data Pipeline Algorithm Simplicity is the ultimate sophistication. Stay hungry, stay foolish. Agile Server Response
DNS Routing API API Gateway Big Data Opportunities don't happen. You create them. Predictive Analytics Agile Kafka Load Balancing Server Response A/B Testing Serverless Logging
Version Control Monitoring Cache Invalidation Agile Automation IoT Don't be afraid to give up the good to go for the great. Logging
