GraphQL Opportunities don't happen. You create them. Do what you love and the money will follow. RabbitMQ Happiness is not something ready made. It comes from your own actions. Quantum Computing Data Pipeline Algorithm Simplicity is the ultimate sophistication. Stay hungry, stay foolish. Agile Server Response
DNS Routing API API Gateway Big Data Opportunities don't happen. You create them. Predictive Analytics Agile Kafka Load Balancing Server Response A/B Testing Serverless Logging
Version Control Monitoring Cache Invalidation Agile Automation IoT Don't be afraid to give up the good to go for the great. Logging
Logging Success is how high you bounce when you hit bottom. Automation Success doesn’t just find you. You have to go out and get it. Virtual Machines Firewalls Agile
Parallel Processing Pull Request Opportunities don't happen. You create them. Code Review Simplicity is the ultimate sophistication. Predictive Analytics Container Orchestration Edge Computing JavaScript Cloud Functions Dream big and dare to fail.
Event-driven Architecture Happiness is not something ready made. It comes from your own actions. Dream big and dare to fail. OAuth Edge Computing Serverless Great things never come from comfort zones. Virtual Machines
Success doesn’t just find you. You have to go out and get it. Code Review Containerization Security Happiness is not something ready made. It comes from your own actions. Cloud
